
Microsoft Visual Studio Solution File, Format Version 11.00
# Visual Studio 2010
Project("{FAE04EC0-301F-11D3-BF4B-00C04F79EFBC}") = "TRobotWCFService", "TRobotWCFService\TRobotWCFService.csproj", "{8A17DE42-CD47-4EEC-B063-A357229539CA}"
EndProject
Project("{FAE04EC0-301F-11D3-BF4B-00C04F79EFBC}") = "TRobotWCFServiceLibrary", "TRobotWCFServiceLibrary\TRobotWCFServiceLibrary.csproj", "{14C190B5-3EDA-4574-ACF6-45CD2DA3B515}"
EndProject
Global
	GlobalSection(SolutionConfigurationPlatforms) = preSolution
		Debug|Any CPU = Debug|Any CPU
		Release|Any CPU = Release|Any CPU
	EndGlobalSection
	GlobalSection(ProjectConfigurationPlatforms) = postSolution
		{8A17DE42-CD47-4EEC-B063-A357229539CA}.Debug|Any CPU.ActiveCfg = Debug|Any CPU
		{8A17DE42-CD47-4EEC-B063-A357229539CA}.Debug|Any CPU.Build.0 = Debug|Any CPU
		{8A17DE42-CD47-4EEC-B063-A357229539CA}.Release|Any CPU.ActiveCfg = Release|Any CPU
		{8A17DE42-CD47-4EEC-B063-A357229539CA}.Release|Any CPU.Build.0 = Release|Any CPU
		{14C190B5-3EDA-4574-ACF6-45CD2DA3B515}.Debug|Any CPU.ActiveCfg = Debug|Any CPU
		{14C190B5-3EDA-4574-ACF6-45CD2DA3B515}.Debug|Any CPU.Build.0 = Debug|Any CPU
		{14C190B5-3EDA-4574-ACF6-45CD2DA3B515}.Release|Any CPU.ActiveCfg = Release|Any CPU
		{14C190B5-3EDA-4574-ACF6-45CD2DA3B515}.Release|Any CPU.Build.0 = Release|Any CPU
	EndGlobalSection
	GlobalSection(SolutionProperties) = preSolution
		HideSolutionNode = FALSE
	EndGlobalSection
EndGlobal
